// !$*UTF8*$!
{
	archiveVersion = 1;
	classes = {
	};
	objectVersion = 77;
	objects = {

/* Begin PBXContainerItemProxy section */
		6FC791D92E41CA19006EC05D /* PBXContainerItemProxy */ = {
			isa = PBXContainerItemProxy;
			containerPortal = 6FC791C32E41CA18006EC05D /* Project object */;
			proxyType = 1;
			remoteGlobalIDString = 6FC791CA2E41CA18006EC05D;
			remoteInfo = EasyRide;
		};
		6FC791E32E41CA1A006EC05D /* PBXContainerItemProxy */ = {
			isa = PBXContainerItemProxy;
			containerPortal = 6FC791C32E41CA18006EC05D /* Project object */;
			proxyType = 1;
			remoteGlobalIDString = 6FC791CA2E41CA18006EC05D;
			remoteInfo = EasyRide;
		};
/* End PBXContainerItemProxy section */

/* Begin PBXFileReference section */
		6FC791CB2E41CA18006EC05D /* EasyRide.app */ = {isa = PBXFileReference; explicitFileType = wrapper.application; includeInIndex = 0; path = EasyRide.app; sourceTree = BUILT_PRODUCTS_DIR; };
		6FC791D82E41CA19006EC05D /* EasyRideTests.xctest */ = {isa = PBXFileReference; explicitFileType = wrapper.cfbundle; includeInIndex = 0; path = EasyRideTests.xctest; sourceTree = BUILT_PRODUCTS_DIR; };
		6FC791E22E41CA19006EC05D /* EasyRideUITests.xctest */ = {isa = PBXFileReference; explicitFileType = wrapper.cfbundle; includeInIndex = 0; path = EasyRideUITests.xctest; sourceTree = BUILT_PRODUCTS_DIR; };
/* End PBXFileReference section */

/* Begin PBXFileSystemSynchronizedBuildFileExceptionSet section */
		6FC792382E41CA5A006EC05D /* Exceptions for "EasyRide" folder in "EasyRide" target */ = {
			isa = PBXFileSystemSynchronizedBuildFileExceptionSet;
			membershipExceptions = (
				Tests/AdaptiveLayoutTests.swift,
				Tests/AuthenticationViewModelTests.swift,
				Tests/BookingViewModelTests.swift,
				Tests/ChatInterfaceTests.swift,
				Tests/LocalizationTests.swift,
				Tests/MockAPIService.swift,
				Tests/OrderTrackingViewModelTests.swift,
				Tests/OrientationLayoutTests.swift,
				Tests/ResponsiveLayoutTests.swift,
				Tests/ResponsiveLayoutUtilsTests.swift,
				Tests/ServiceSelectionTests.swift,
				Tests/TripConfigurationTests.swift,
				Tests/TripModificationTests.swift,
				Tests/ValueAddedServicesTests.swift,
				Tests/verify_booking_integration.swift,
				Tests/verify_chat_interface.swift,
				Tests/verify_service_selection.swift,
			);
			target = 6FC791CA2E41CA18006EC05D /* EasyRide */;
		};
		6FC792392E41CA5A006EC05D /* Exceptions for "EasyRide" folder in "EasyRideTests" target */ = {
			isa = PBXFileSystemSynchronizedBuildFileExceptionSet;
			membershipExceptions = (
				Tests/AdaptiveLayoutTests.swift,
				Tests/AuthenticationViewModelTests.swift,
				Tests/BookingViewModelTests.swift,
				Tests/ChatInterfaceTests.swift,
				Tests/LocalizationTests.swift,
				Tests/MockAPIService.swift,
				Tests/OrderTrackingViewModelTests.swift,
				Tests/OrientationLayoutTests.swift,
				Tests/ResponsiveLayoutTests.swift,
				Tests/ResponsiveLayoutUtilsTests.swift,
				Tests/ServiceSelectionTests.swift,
				Tests/TripConfigurationTests.swift,
				Tests/TripModificationTests.swift,
				Tests/ValueAddedServicesTests.swift,
				Tests/verify_booking_integration.swift,
				Tests/verify_chat_interface.swift,
				Tests/verify_service_selection.swift,
			);
			target = 6FC791D72E41CA19006EC05D /* EasyRideTests */;
		};
		6FC7923A2E41CA5A006EC05D /* Exceptions for "EasyRide" folder in "EasyRideUITests" target */ = {
			isa = PBXFileSystemSynchronizedBuildFileExceptionSet;
			membershipExceptions = (
				Assets.xcassets,
				ContentView.swift,
				EasyRideApp.swift,
				Examples/BookingViewModelUsage.swift,
				Examples/ResponsiveLayoutDemo.swift,
				Managers/LocationManager.swift,
				Models/Address.swift,
				Models/AppState.swift,
				Models/BookingStep.swift,
				Models/DemoItem.swift,
				Models/Driver.swift,
				Models/Location.swift,
				Models/Message.swift,
				Models/Order.swift,
				Models/PaymentMethod.swift,
				Models/PriceBreakdown.swift,
				Models/ServiceOption.swift,
				Models/ServiceType.swift,
				Models/TripConfiguration.swift,
				Models/TripMode.swift,
				Models/User.swift,
				Models/ValueAddedService.swift,
				Models/Wallet.swift,
				Services/APIEndpoint.swift,
				Services/APIService.swift,
				Services/Configuration.swift,
				Services/EasyRideError.swift,
				Services/ErrorRecoveryService.swift,
				Services/PaymentService.swift,
				Services/SecureStorage.swift,
				Tests/AdaptiveLayoutTests.swift,
				Tests/AuthenticationViewModelTests.swift,
				Tests/BookingViewModelTests.swift,
				Tests/ChatInterfaceTests.swift,
				Tests/LocalizationTests.swift,
				Tests/MockAPIService.swift,
				Tests/OrderTrackingViewModelTests.swift,
				Tests/OrientationLayoutTests.swift,
				Tests/ResponsiveLayoutTests.swift,
				Tests/ResponsiveLayoutUtilsTests.swift,
				Tests/ServiceSelectionTests.swift,
				Tests/TripConfigurationTests.swift,
				Tests/TripModificationTests.swift,
				Tests/ValueAddedServicesTests.swift,
				Tests/verify_booking_integration.swift,
				Tests/verify_chat_interface.swift,
				Tests/verify_service_selection.swift,
				Utils/AccessibilityUtils.swift,
				Utils/AnimationUtils.swift,
				Utils/LocalizationUtils.swift,
				Utils/OrientationLayoutUtils.swift,
				Utils/PerformanceUtils.swift,
				Utils/ResponsiveLayoutUtils.swift,
				Utils/Theme.swift,
				ViewModels/AuthenticationViewModel.swift,
				ViewModels/BookingViewModel.swift,
				ViewModels/OrderDetailViewModel.swift,
				ViewModels/OrdersViewModel.swift,
				ViewModels/OrderTrackingViewModel.swift,
				ViewModels/PaymentViewModel.swift,
				ViewModels/ProfileViewModel.swift,
				ViewModels/ReviewViewModel.swift,
				ViewModels/ServiceSelectionViewModel.swift,
				ViewModels/TripConfigurationViewModel.swift,
				ViewModels/ValueAddedServicesViewModel.swift,
				Views/AdaptiveLayoutDemoView.swift,
				Views/AddFundsView.swift,
				Views/AddPaymentMethodView.swift,
				Views/ApplePaySetupView.swift,
				Views/BootScreenView.swift,
				Views/Components/DemoCards.swift,
				Views/Components/SkeletonView.swift,
				Views/EditProfileView.swift,
				Views/FavoriteDriversView.swift,
				Views/LoginView.swift,
				Views/OrderDetailView.swift,
				Views/OrderSuccessDriverMatchingView.swift,
				Views/OrderTrackingView.swift,
				Views/OrientationResponsiveDemo.swift,
				Views/OrientationTestView.swift,
				Views/PaymentMethodsView.swift,
				Views/PaymentView.swift,
				Views/RegistrationView.swift,
				Views/ResponsiveTripConfigurationView.swift,
				Views/ReviewView.swift,
				Views/ServiceSelectionView.swift,
				Views/SettingsView.swift,
				Views/TripConfigurationView.swift,
				Views/TripModeSettingsView.swift,
				Views/ValueAddedServicesDemo.swift,
				Views/ValueAddedServicesView.swift,
				Views/WalletView.swift,
				Views/WeChatPaySetupView.swift,
			);
			target = 6FC791E12E41CA19006EC05D /* EasyRideUITests */;
		};
/* End PBXFileSystemSynchronizedBuildFileExceptionSet section */

/* Begin PBXFileSystemSynchronizedRootGroup section */
		6FC791CD2E41CA18006EC05D /* EasyRide */ = {
			isa = PBXFileSystemSynchronizedRootGroup;
			exceptions = (
				6FC792382E41CA5A006EC05D /* Exceptions for "EasyRide" folder in "EasyRide" target */,
				6FC792392E41CA5A006EC05D /* Exceptions for "EasyRide" folder in "EasyRideTests" target */,
				6FC7923A2E41CA5A006EC05D /* Exceptions for "EasyRide" folder in "EasyRideUITests" target */,
			);
			path = EasyRide;
			sourceTree = "<group>";
		};
		6FC791DB2E41CA19006EC05D /* EasyRideTests */ = {
			isa = PBXFileSystemSynchronizedRootGroup;
			path = EasyRideTests;
			sourceTree = "<group>";
		};
		6FC791E52E41CA1A006EC05D /* EasyRideUITests */ = {
			isa = PBXFileSystemSynchronizedRootGroup;
			path = EasyRideUITests;
			sourceTree = "<group>";
		};
/* End PBXFileSystemSynchronizedRootGroup section */

/* Begin PBXFrameworksBuildPhase section */
		6FC791C82E41CA18006EC05D /* Frameworks */ = {
			isa = PBXFrameworksBuildPhase;
			buildActionMask = 2147483647;
			files = (
			);
			runOnlyForDeploymentPostprocessing = 0;
		};
		6FC791D52E41CA19006EC05D /* Frameworks */ = {
			isa = PBXFrameworksBuildPhase;
			buildActionMask = 2147483647;
			files = (
			);
			runOnlyForDeploymentPostprocessing = 0;
		};
		6FC791DF2E41CA19006EC05D /* Frameworks */ = {
			isa = PBXFrameworksBuildPhase;
			buildActionMask = 2147483647;
			files = (
			);
			runOnlyForDeploymentPostprocessing = 0;
		};
/* End PBXFrameworksBuildPhase section */

/* Begin PBXGroup section */
		6FC791C22E41CA18006EC05D = {
			isa = PBXGroup;
			children = (
				6FC791CD2E41CA18006EC05D /* EasyRide */,
				6FC791DB2E41CA19006EC05D /* EasyRideTests */,
				6FC791E52E41CA1A006EC05D /* EasyRideUITests */,
				6FC791CC2E41CA18006EC05D /* Products */,
			);
			sourceTree = "<group>";
		};
		6FC791CC2E41CA18006EC05D /* Products */ = {
			isa = PBXGroup;
			children = (
				6FC791CB2E41CA18006EC05D /* EasyRide.app */,
				6FC791D82E41CA19006EC05D /* EasyRideTests.xctest */,
				6FC791E22E41CA19006EC05D /* EasyRideUITests.xctest */,
			);
			name = Products;
			sourceTree = "<group>";
		};
/* End PBXGroup section */

/* Begin PBXNativeTarget section */
		6FC791CA2E41CA18006EC05D /* EasyRide */ = {
			isa = PBXNativeTarget;
			buildConfigurationList = 6FC791EC2E41CA1A006EC05D /* Build configuration list for PBXNativeTarget "EasyRide" */;
			buildPhases = (
				6FC791C72E41CA18006EC05D /* Sources */,
				6FC791C82E41CA18006EC05D /* Frameworks */,
				6FC791C92E41CA18006EC05D /* Resources */,
			);
			buildRules = (
			);
			dependencies = (
			);
			fileSystemSynchronizedGroups = (
				6FC791CD2E41CA18006EC05D /* EasyRide */,
			);
			name = EasyRide;
			packageProductDependencies = (
			);
			productName = EasyRide;
			productReference = 6FC791CB2E41CA18006EC05D /* EasyRide.app */;
			productType = "com.apple.product-type.application";
		};
		6FC791D72E41CA19006EC05D /* EasyRideTests */ = {
			isa = PBXNativeTarget;
			buildConfigurationList = 6FC791EF2E41CA1A006EC05D /* Build configuration list for PBXNativeTarget "EasyRideTests" */;
			buildPhases = (
				6FC791D42E41CA19006EC05D /* Sources */,
				6FC791D52E41CA19006EC05D /* Frameworks */,
				6FC791D62E41CA19006EC05D /* Resources */,
			);
			buildRules = (
			);
			dependencies = (
				6FC791DA2E41CA19006EC05D /* PBXTargetDependency */,
			);
			fileSystemSynchronizedGroups = (
				6FC791DB2E41CA19006EC05D /* EasyRideTests */,
			);
			name = EasyRideTests;
			packageProductDependencies = (
			);
			productName = EasyRideTests;
			productReference = 6FC791D82E41CA19006EC05D /* EasyRideTests.xctest */;
			productType = "com.apple.product-type.bundle.unit-test";
		};
		6FC791E12E41CA19006EC05D /* EasyRideUITests */ = {
			isa = PBXNativeTarget;
			buildConfigurationList = 6FC791F22E41CA1A006EC05D /* Build configuration list for PBXNativeTarget "EasyRideUITests" */;
			buildPhases = (
				6FC791DE2E41CA19006EC05D /* Sources */,
				6FC791DF2E41CA19006EC05D /* Frameworks */,
				6FC791E02E41CA19006EC05D /* Resources */,
			);
			buildRules = (
			);
			dependencies = (
				6FC791E42E41CA1A006EC05D /* PBXTargetDependency */,
			);
			fileSystemSynchronizedGroups = (
				6FC791E52E41CA1A006EC05D /* EasyRideUITests */,
			);
			name = EasyRideUITests;
			packageProductDependencies = (
			);
			productName = EasyRideUITests;
			productReference = 6FC791E22E41CA19006EC05D /* EasyRideUITests.xctest */;
			productType = "com.apple.product-type.bundle.ui-testing";
		};
/* End PBXNativeTarget section */

/* Begin PBXProject section */
		6FC791C32E41CA18006EC05D /* Project object */ = {
			isa = PBXProject;
			attributes = {
				BuildIndependentTargetsInParallel = 1;
				LastSwiftUpdateCheck = 1640;
				LastUpgradeCheck = 1640;
				TargetAttributes = {
					6FC791CA2E41CA18006EC05D = {
						CreatedOnToolsVersion = 16.4;
					};
					6FC791D72E41CA19006EC05D = {
						CreatedOnToolsVersion = 16.4;
						TestTargetID = 6FC791CA2E41CA18006EC05D;
					};
					6FC791E12E41CA19006EC05D = {
						CreatedOnToolsVersion = 16.4;
						TestTargetID = 6FC791CA2E41CA18006EC05D;
					};
				};
			};
			buildConfigurationList = 6FC791C62E41CA18006EC05D /* Build configuration list for PBXProject "EasyRide" */;
			developmentRegion = en;
			hasScannedForEncodings = 0;
			knownRegions = (
				en,
				Base,
				"zh-Hans",
				es,
			);
			mainGroup = 6FC791C22E41CA18006EC05D;
			minimizedProjectReferenceProxies = 1;
			preferredProjectObjectVersion = 77;
			productRefGroup = 6FC791CC2E41CA18006EC05D /* Products */;
			projectDirPath = "";
			projectRoot = "";
			targets = (
				6FC791CA2E41CA18006EC05D /* EasyRide */,
				6FC791D72E41CA19006EC05D /* EasyRideTests */,
				6FC791E12E41CA19006EC05D /* EasyRideUITests */,
			);
		};
/* End PBXProject section */

/* Begin PBXResourcesBuildPhase section */
		6FC791C92E41CA18006EC05D /* Resources */ = {
			isa = PBXResourcesBuildPhase;
			buildActionMask = 2147483647;
			files = (
			);
			runOnlyForDeploymentPostprocessing = 0;
		};
		6FC791D62E41CA19006EC05D /* Resources */ = {
			isa = PBXResourcesBuildPhase;
			buildActionMask = 2147483647;
			files = (
			);
			runOnlyForDeploymentPostprocessing = 0;
		};
		6FC791E02E41CA19006EC05D /* Resources */ = {
			isa = PBXResourcesBuildPhase;
			buildActionMask = 2147483647;
			files = (
			);
			runOnlyForDeploymentPostprocessing = 0;
		};
/* End PBXResourcesBuildPhase section */

/* Begin PBXSourcesBuildPhase section */
		6FC791C72E41CA18006EC05D /* Sources */ = {
			isa = PBXSourcesBuildPhase;
			buildActionMask = 2147483647;
			files = (
			);
			runOnlyForDeploymentPostprocessing = 0;
		};
		6FC791D42E41CA19006EC05D /* Sources */ = {
			isa = PBXSourcesBuildPhase;
			buildActionMask = 2147483647;
			files = (
			);
			runOnlyForDeploymentPostprocessing = 0;
		};
		6FC791DE2E41CA19006EC05D /* Sources */ = {
			isa = PBXSourcesBuildPhase;
			buildActionMask = 2147483647;
			files = (
			);
			runOnlyForDeploymentPostprocessing = 0;
		};
/* End PBXSourcesBuildPhase section */

/* Begin PBXTargetDependency section */
		6FC791DA2E41CA19006EC05D /* PBXTargetDependency */ = {
			isa = PBXTargetDependency;
			target = 6FC791CA2E41CA18006EC05D /* EasyRide */;
			targetProxy = 6FC791D92E41CA19006EC05D /* PBXContainerItemProxy */;
		};
		6FC791E42E41CA1A006EC05D /* PBXTargetDependency */ = {
			isa = PBXTargetDependency;
			target = 6FC791CA2E41CA18006EC05D /* EasyRide */;
			targetProxy = 6FC791E32E41CA1A006EC05D /* PBXContainerItemProxy */;
		};
/* End PBXTargetDependency section */

/* Begin XCBuildConfiguration section */
		6FC791EA2E41CA1A006EC05D /* Debug */ = {
			isa = XCBuildConfiguration;
			buildSettings = {
				ALWAYS_SEARCH_USER_PATHS = NO;
				ASSETCATALOG_COMPILER_GENERATE_SWIFT_ASSET_SYMBOL_EXTENSIONS = YES;
				CLANG_ANALYZER_NONNULL = YES;
				CLANG_ANALYZER_NUMBER_OBJECT_CONVERSION = YES_AGGRESSIVE;
				CLANG_CXX_LANGUAGE_STANDARD = "gnu++20";
				CLANG_ENABLE_MODULES = YES;
				CLANG_ENABLE_OBJC_ARC = YES;
				CLANG_ENABLE_OBJC_WEAK = YES;
				CLANG_WARN_BLOCK_CAPTURE_AUTORELEASING = YES;
				CLANG_WARN_BOOL_CONVERSION = YES;
				CLANG_WARN_COMMA = YES;
				CLANG_WARN_CONSTANT_CONVERSION = YES;
				CLANG_WARN_DEPRECATED_OBJC_IMPLEMENTATIONS = YES;
				CLANG_WARN_DIRECT_OBJC_ISA_USAGE = YES_ERROR;
				CLANG_WARN_DOCUMENTATION_COMMENTS = YES;
				CLANG_WARN_EMPTY_BODY = YES;
				CLANG_WARN_ENUM_CONVERSION = YES;
				CLANG_WARN_INFINITE_RECURSION = YES;
				CLANG_WARN_INT_CONVERSION = YES;
				CLANG_WARN_NON_LITERAL_NULL_CONVERSION = YES;
				CLANG_WARN_OBJC_IMPLICIT_RETAIN_SELF = YES;
				CLANG_WARN_OBJC_LITERAL_CONVERSION = YES;
				CLANG_WARN_OBJC_ROOT_CLASS = YES_ERROR;
				CLANG_WARN_QUOTED_INCLUDE_IN_FRAMEWORK_HEADER = YES;
				CLANG_WARN_RANGE_LOOP_ANALYSIS = YES;
				CLANG_WARN_STRICT_PROTOTYPES = YES;
				CLANG_WARN_SUSPICIOUS_MOVE = YES;
				CLANG_WARN_UNGUARDED_AVAILABILITY = YES_AGGRESSIVE;
				CLANG_WARN_UNREACHABLE_CODE = YES;
				CLANG_WARN__DUPLICATE_METHOD_MATCH = YES;
				COPY_PHASE_STRIP = NO;
				DEBUG_INFORMATION_FORMAT = dwarf;
				DEVELOPMENT_TEAM = KSGXNV23HN;
				ENABLE_STRICT_OBJC_MSGSEND = YES;
				ENABLE_TESTABILITY = YES;
				ENABLE_USER_SCRIPT_SANDBOXING = YES;
				GCC_C_LANGUAGE_STANDARD = gnu17;
				GCC_DYNAMIC_NO_PIC = NO;
				GCC_NO_COMMON_BLOCKS = YES;
				GCC_OPTIMIZATION_LEVEL = 0;
				GCC_PREPROCESSOR_DEFINITIONS = (
					"DEBUG=1",
					"$(inherited)",
				);
				GCC_WARN_64_TO_32_BIT_CONVERSION = YES;
				GCC_WARN_ABOUT_RETURN_TYPE = YES_ERROR;
				GCC_WARN_UNDECLARED_SELECTOR = YES;
				GCC_WARN_UNINITIALIZED_AUTOS = YES_AGGRESSIVE;
				GCC_WARN_UNUSED_FUNCTION = YES;
				GCC_WARN_UNUSED_VARIABLE = YES;
				IPHONEOS_DEPLOYMENT_TARGET = 18.5;
				LOCALIZATION_PREFERS_STRING_CATALOGS = YES;
				MTL_ENABLE_DEBUG_INFO = INCLUDE_SOURCE;
				MTL_FAST_MATH = YES;
				ONLY_ACTIVE_ARCH = YES;
				SDKROOT = iphoneos;
				SWIFT_ACTIVE_COMPILATION_CONDITIONS = "DEBUG $(inherited)";
				SWIFT_OPTIMIZATION_LEVEL = "-Onone";
			};
			name = Debug;
		};
		6FC791EB2E41CA1A006EC05D /* Release */ = {
			isa = XCBuildConfiguration;
			buildSettings = {
				ALWAYS_SEARCH_USER_PATHS = NO;
				ASSETCATALOG_COMPILER_GENERATE_SWIFT_ASSET_SYMBOL_EXTENSIONS = YES;
				CLANG_ANALYZER_NONNULL = YES;
				CLANG_ANALYZER_NUMBER_OBJECT_CONVERSION = YES_AGGRESSIVE;
				CLANG_CXX_LANGUAGE_STANDARD = "gnu++20";
				CLANG_ENABLE_MODULES = YES;
				CLANG_ENABLE_OBJC_ARC = YES;
				CLANG_ENABLE_OBJC_WEAK = YES;
				CLANG_WARN_BLOCK_CAPTURE_AUTORELEASING = YES;
				CLANG_WARN_BOOL_CONVERSION = YES;
				CLANG_WARN_COMMA = YES;
				CLANG_WARN_CONSTANT_CONVERSION = YES;
				CLANG_WARN_DEPRECATED_OBJC_IMPLEMENTATIONS = YES;
				CLANG_WARN_DIRECT_OBJC_ISA_USAGE = YES_ERROR;
				CLANG_WARN_DOCUMENTATION_COMMENTS = YES;
				CLANG_WARN_EMPTY_BODY = YES;
				CLANG_WARN_ENUM_CONVERSION = YES;
				CLANG_WARN_INFINITE_RECURSION = YES;
				CLANG_WARN_INT_CONVERSION = YES;
				CLANG_WARN_NON_LITERAL_NULL_CONVERSION = YES;
				CLANG_WARN_OBJC_IMPLICIT_RETAIN_SELF = YES;
				CLANG_WARN_OBJC_LITERAL_CONVERSION = YES;
				CLANG_WARN_OBJC_ROOT_CLASS = YES_ERROR;
				CLANG_WARN_QUOTED_INCLUDE_IN_FRAMEWORK_HEADER = YES;
				CLANG_WARN_RANGE_LOOP_ANALYSIS = YES;
				CLANG_WARN_STRICT_PROTOTYPES = YES;
				CLANG_WARN_SUSPICIOUS_MOVE = YES;
				CLANG_WARN_UNGUARDED_AVAILABILITY = YES_AGGRESSIVE;
				CLANG_WARN_UNREACHABLE_CODE = YES;
				CLANG_WARN__DUPLICATE_METHOD_MATCH = YES;
				COPY_PHASE_STRIP = NO;
				DEBUG_INFORMATION_FORMAT = "dwarf-with-dsym";
				DEVELOPMENT_TEAM = KSGXNV23HN;
				ENABLE_NS_ASSERTIONS = NO;
				ENABLE_STRICT_OBJC_MSGSEND = YES;
				ENABLE_USER_SCRIPT_SANDBOXING = YES;
				GCC_C_LANGUAGE_STANDARD = gnu17;
				GCC_NO_COMMON_BLOCKS = YES;
				GCC_WARN_64_TO_32_BIT_CONVERSION = YES;
				GCC_WARN_ABOUT_RETURN_TYPE = YES_ERROR;
				GCC_WARN_UNDECLARED_SELECTOR = YES;
				GCC_WARN_UNINITIALIZED_AUTOS = YES_AGGRESSIVE;
				GCC_WARN_UNUSED_FUNCTION = YES;
				GCC_WARN_UNUSED_VARIABLE = YES;
				IPHONEOS_DEPLOYMENT_TARGET = 18.5;
				LOCALIZATION_PREFERS_STRING_CATALOGS = YES;
				MTL_ENABLE_DEBUG_INFO = NO;
				MTL_FAST_MATH = YES;
				SDKROOT = iphoneos;
				SWIFT_COMPILATION_MODE = wholemodule;
				VALIDATE_PRODUCT = YES;
			};
			name = Release;
		};
		6FC791ED2E41CA1A006EC05D /* Debug */ = {
			isa = XCBuildConfiguration;
			buildSettings = {
				ASSETCATALOG_COMPILER_APPICON_NAME = AppIcon;
				ASSETCATALOG_COMPILER_GLOBAL_ACCENT_COLOR_NAME = AccentColor;
				CODE_SIGN_STYLE = Automatic;
				CURRENT_PROJECT_VERSION = 1;
				DEVELOPMENT_TEAM = KSGXNV23HN;
				ENABLE_PREVIEWS = YES;
				GENERATE_INFOPLIST_FILE = YES;
				INFOPLIST_KEY_LSApplicationCategoryType = "public.app-category.lifestyle";
				INFOPLIST_KEY_UIApplicationSceneManifest_Generation = YES;
				INFOPLIST_KEY_UIApplicationSupportsIndirectInputEvents = YES;
				INFOPLIST_KEY_UILaunchScreen_Generation = YES;
				INFOPLIST_KEY_UISupportedInterfaceOrientations_iPad = "UIInterfaceOrientationPortrait UIInterfaceOrientationPortraitUpsideDown UIInterfaceOrientationLandscapeLeft UIInterfaceOrientationLandscapeRight";
				INFOPLIST_KEY_UISupportedInterfaceOrientations_iPhone = "UIInterfaceOrientationPortrait UIInterfaceOrientationLandscapeLeft UIInterfaceOrientationLandscapeRight";
				IPHONEOS_DEPLOYMENT_TARGET = 18.0;
				LD_RUNPATH_SEARCH_PATHS = (
					"$(inherited)",
					"@executable_path/Frameworks",
				);
				MARKETING_VERSION = 1.0;
				PRODUCT_BUNDLE_IDENTIFIER = com.timyu.EasyRide;
				PRODUCT_NAME = "$(TARGET_NAME)";
				SWIFT_EMIT_LOC_STRINGS = YES;
				SWIFT_VERSION = 5.0;
				TARGETED_DEVICE_FAMILY = "1,2";
			};
			name = Debug;
		};
		6FC791EE2E41CA1A006EC05D /* Release */ = {
			isa = XCBuildConfiguration;
			buildSettings = {
				ASSETCATALOG_COMPILER_APPICON_NAME = AppIcon;
				ASSETCATALOG_COMPILER_GLOBAL_ACCENT_COLOR_NAME = AccentColor;
				CODE_SIGN_STYLE = Automatic;
				CURRENT_PROJECT_VERSION = 1;
				DEVELOPMENT_TEAM = KSGXNV23HN;
				ENABLE_PREVIEWS = YES;
				GENERATE_INFOPLIST_FILE = YES;
				INFOPLIST_KEY_LSApplicationCategoryType = "public.app-category.lifestyle";
				INFOPLIST_KEY_UIApplicationSceneManifest_Generation = YES;
				INFOPLIST_KEY_UIApplicationSupportsIndirectInputEvents = YES;
				INFOPLIST_KEY_UILaunchScreen_Generation = YES;
				INFOPLIST_KEY_UISupportedInterfaceOrientations_iPad = "UIInterfaceOrientationPortrait UIInterfaceOrientationPortraitUpsideDown UIInterfaceOrientationLandscapeLeft UIInterfaceOrientationLandscapeRight";
				INFOPLIST_KEY_UISupportedInterfaceOrientations_iPhone = "UIInterfaceOrientationPortrait UIInterfaceOrientationLandscapeLeft UIInterfaceOrientationLandscapeRight";
				IPHONEOS_DEPLOYMENT_TARGET = 18.0;
				LD_RUNPATH_SEARCH_PATHS = (
					"$(inherited)",
					"@executable_path/Frameworks",
				);
				MARKETING_VERSION = 1.0;
				PRODUCT_BUNDLE_IDENTIFIER = com.timyu.EasyRide;
				PRODUCT_NAME = "$(TARGET_NAME)";
				SWIFT_EMIT_LOC_STRINGS = YES;
				SWIFT_VERSION = 5.0;
				TARGETED_DEVICE_FAMILY = "1,2";
			};
			name = Release;
		};
		6FC791F02E41CA1A006EC05D /* Debug */ = {
			isa = XCBuildConfiguration;
			buildSettings = {
				BUNDLE_LOADER = "$(TEST_HOST)";
				CODE_SIGN_STYLE = Automatic;
				CURRENT_PROJECT_VERSION = 1;
				DEVELOPMENT_TEAM = KSGXNV23HN;
				GENERATE_INFOPLIST_FILE = YES;
				IPHONEOS_DEPLOYMENT_TARGET = 18.5;
				MARKETING_VERSION = 1.0;
				PRODUCT_BUNDLE_IDENTIFIER = com.timyu.EasyRideTests;
				PRODUCT_NAME = "$(TARGET_NAME)";
				SWIFT_EMIT_LOC_STRINGS = NO;
				SWIFT_VERSION = 5.0;
				TARGETED_DEVICE_FAMILY = "1,2";
				TEST_HOST = "$(BUILT_PRODUCTS_DIR)/EasyRide.app/$(BUNDLE_EXECUTABLE_FOLDER_PATH)/EasyRide";
			};
			name = Debug;
		};
		6FC791F12E41CA1A006EC05D /* Release */ = {
			isa = XCBuildConfiguration;
			buildSettings = {
				BUNDLE_LOADER = "$(TEST_HOST)";
				CODE_SIGN_STYLE = Automatic;
				CURRENT_PROJECT_VERSION = 1;
				DEVELOPMENT_TEAM = KSGXNV23HN;
				GENERATE_INFOPLIST_FILE = YES;
				IPHONEOS_DEPLOYMENT_TARGET = 18.5;
				MARKETING_VERSION = 1.0;
				PRODUCT_BUNDLE_IDENTIFIER = com.timyu.EasyRideTests;
				PRODUCT_NAME = "$(TARGET_NAME)";
				SWIFT_EMIT_LOC_STRINGS = NO;
				SWIFT_VERSION = 5.0;
				TARGETED_DEVICE_FAMILY = "1,2";
				TEST_HOST = "$(BUILT_PRODUCTS_DIR)/EasyRide.app/$(BUNDLE_EXECUTABLE_FOLDER_PATH)/EasyRide";
			};
			name = Release;
		};
		6FC791F32E41CA1A006EC05D /* Debug */ = {
			isa = XCBuildConfiguration;
			buildSettings = {
				CODE_SIGN_STYLE = Automatic;
				CURRENT_PROJECT_VERSION = 1;
				DEVELOPMENT_TEAM = KSGXNV23HN;
				GENERATE_INFOPLIST_FILE = YES;
				MARKETING_VERSION = 1.0;
				PRODUCT_BUNDLE_IDENTIFIER = com.timyu.EasyRideUITests;
				PRODUCT_NAME = "$(TARGET_NAME)";
				SWIFT_EMIT_LOC_STRINGS = NO;
				SWIFT_VERSION = 5.0;
				TARGETED_DEVICE_FAMILY = "1,2";
				TEST_TARGET_NAME = EasyRide;
			};
			name = Debug;
		};
		6FC791F42E41CA1A006EC05D /* Release */ = {
			isa = XCBuildConfiguration;
			buildSettings = {
				CODE_SIGN_STYLE = Automatic;
				CURRENT_PROJECT_VERSION = 1;
				DEVELOPMENT_TEAM = KSGXNV23HN;
				GENERATE_INFOPLIST_FILE = YES;
				MARKETING_VERSION = 1.0;
				PRODUCT_BUNDLE_IDENTIFIER = com.timyu.EasyRideUITests;
				PRODUCT_NAME = "$(TARGET_NAME)";
				SWIFT_EMIT_LOC_STRINGS = NO;
				SWIFT_VERSION = 5.0;
				TARGETED_DEVICE_FAMILY = "1,2";
				TEST_TARGET_NAME = EasyRide;
			};
			name = Release;
		};
/* End XCBuildConfiguration section */

/* Begin XCConfigurationList section */
		6FC791C62E41CA18006EC05D /* Build configuration list for PBXProject "EasyRide" */ = {
			isa = XCConfigurationList;
			buildConfigurations = (
				6FC791EA2E41CA1A006EC05D /* Debug */,
				6FC791EB2E41CA1A006EC05D /* Release */,
			);
			defaultConfigurationIsVisible = 0;
			defaultConfigurationName = Release;
		};
		6FC791EC2E41CA1A006EC05D /* Build configuration list for PBXNativeTarget "EasyRide" */ = {
			isa = XCConfigurationList;
			buildConfigurations = (
				6FC791ED2E41CA1A006EC05D /* Debug */,
				6FC791EE2E41CA1A006EC05D /* Release */,
			);
			defaultConfigurationIsVisible = 0;
			defaultConfigurationName = Release;
		};
		6FC791EF2E41CA1A006EC05D /* Build configuration list for PBXNativeTarget "EasyRideTests" */ = {
			isa = XCConfigurationList;
			buildConfigurations = (
				6FC791F02E41CA1A006EC05D /* Debug */,
				6FC791F12E41CA1A006EC05D /* Release */,
			);
			defaultConfigurationIsVisible = 0;
			defaultConfigurationName = Release;
		};
		6FC791F22E41CA1A006EC05D /* Build configuration list for PBXNativeTarget "EasyRideUITests" */ = {
			isa = XCConfigurationList;
			buildConfigurations = (
				6FC791F32E41CA1A006EC05D /* Debug */,
				6FC791F42E41CA1A006EC05D /* Release */,
			);
			defaultConfigurationIsVisible = 0;
			defaultConfigurationName = Release;
		};
/* End XCConfigurationList section */
	};
	rootObject = 6FC791C32E41CA18006EC05D /* Project object */;
}
